
Microsoft Visual Studio Solution File, Format Version 12.00
# Visual Studio Version 16
VisualStudioVersion = 16.0.28803.202
MinimumVisualStudioVersion = 10.0.40219.1
Project("{FAE04EC0-301F-11D3-BF4B-00C04F79EFBC}") = "xTelegram", "xTelegram\xTelegram.csproj", "{0945D2C9-4B27-4BBD-9788-A0C2D9310D02}"
EndProject
Global
	GlobalSection(SolutionConfigurationPlatforms) = preSolution
		Debug|Any CPU = Debug|Any CPU
		Release|Any CPU = Release|Any CPU
	EndGlobalSection
	GlobalSection(ProjectConfigurationPlatforms) = postSolution
		{0945D2C9-4B27-4BBD-9788-A0C2D9310D02}.Debug|Any CPU.ActiveCfg = Debug|Any CPU
		{0945D2C9-4B27-4BBD-9788-A0C2D9310D02}.Debug|Any CPU.Build.0 = Debug|Any CPU
		{0945D2C9-4B27-4BBD-9788-A0C2D9310D02}.Release|Any CPU.ActiveCfg = Release|Any CPU
		{0945D2C9-4B27-4BBD-9788-A0C2D9310D02}.Release|Any CPU.Build.0 = Release|Any CPU
	EndGlobalSection
	GlobalSection(SolutionProperties) = preSolution
		HideSolutionNode = FALSE
	EndGlobalSection
	GlobalSection(ExtensibilityGlobals) = postSolution
		SolutionGuid = {26972C92-2BBF-4C01-8B11-CBC437287540}
	EndGlobalSection
EndGlobal
